<?xml version="1.0" encoding="UTF-8" standalone="yes" ?>
<CodeBlocks_project_file>
	<FileVersion major="1" minor="6" />
	<Project>
		<Option title="le jeu de dames" />
		<Option pch_mode="2" />
		<Option compiler="gcc" />
		<Build>
			<Target title="Debug">
				<Option output="bin\Debug\le jeu de dames" prefix_auto="1" extension_auto="1" />
				<Option object_output="obj\Debug\" />
				<Option type="1" />
				<Option compiler="gcc" />
				<Compiler>
					<Add option="-g" />
					<Add directory="..\le jeu de dames" />
					<Add directory="include" />
				</Compiler>
			</Target>
			<Target title="Release">
				<Option output="bin\Release\le jeu de dames" prefix_auto="1" extension_auto="1" />
				<Option object_output="obj\Release\" />
				<Option type="1" />
				<Option compiler="gcc" />
				<Compiler>
					<Add option="-O2" />
					<Add directory="..\le jeu de dames" />
					<Add directory="include" />
				</Compiler>
				<Linker>
					<Add option="-s" />
				</Linker>
			</Target>
		</Build>
		<Compiler>
			<Add option="-Wall" />
			<Add option="-fexceptions" />
		</Compiler>
		<Unit filename="include\Humain.h" />
		<Unit filename="include\JeuServeur.h" />
		<Unit filename="include\Joueur.h" />
		<Unit filename="include\Ordinateur.h" />
		<Unit filename="include\OrdinateurSup.h" />
		<Unit filename="include\Piece.h" />
		<Unit filename="include\Pion.h" />
		<Unit filename="include\Position.h" />
		<Unit filename="include\dame.h" />
		<Unit filename="main.cpp" />
		<Unit filename="src\Humain.cpp" />
		<Unit filename="src\JeuServeur.cpp" />
		<Unit filename="src\Joueur.cpp" />
		<Unit filename="src\Ordinateur.cpp" />
		<Unit filename="src\OrdinateurSup.cpp" />
		<Unit filename="src\Piece.cpp" />
		<Unit filename="src\Pion.cpp" />
		<Unit filename="src\Position.cpp" />
		<Unit filename="src\dame.cpp" />
		<Extensions>
			<code_completion />
			<envvars />
			<debugger />
			<lib_finder disable_auto="1" />
		</Extensions>
	</Project>
</CodeBlocks_project_file>
